
Microsoft Visual Studio Solution File, Format Version 12.00
# Visual Studio Version 17
VisualStudioVersion = 17.0.31903.59
MinimumVisualStudioVersion = 10.0.40219.1
Project("{FAE04EC0-301F-11D3-BF4B-00C04F79EFBC}") = "HotelUserWeb", "HotelUserWeb\HotelUserWeb.csproj", "{7EFCF21F-17DB-4A4D-8396-EABCBE828A81}"
EndProject
Global
	GlobalSection(SolutionConfigurationPlatforms) = preSolution
		Debug|Any CPU = Debug|Any CPU
		Release|Any CPU = Release|Any CPU
	EndGlobalSection
	GlobalSection(ProjectConfigurationPlatforms) = postSolution
		{7EFCF21F-17DB-4A4D-8396-EABCBE828A81}.Debug|Any CPU.ActiveCfg = Debug|Any CPU
		{7EFCF21F-17DB-4A4D-8396-EABCBE828A81}.Debug|Any CPU.Build.0 = Debug|Any CPU
		{7EFCF21F-17DB-4A4D-8396-EABCBE828A81}.Release|Any CPU.ActiveCfg = Release|Any CPU
		{7EFCF21F-17DB-4A4D-8396-EABCBE828A81}.Release|Any CPU.Build.0 = Release|Any CPU
	EndGlobalSection
	GlobalSection(SolutionProperties) = preSolution
		HideSolutionNode = FALSE
	EndGlobalSection
	GlobalSection(ExtensibilityGlobals) = postSolution
		SolutionGuid = {64F663AE-EF29-4E52-8427-1C07B0D702A5}
	EndGlobalSection
EndGlobal
